
Microsoft Visual Studio Solution File, Format Version 12.00
# Visual Studio Version 16
VisualStudioVersion = 16.0.32106.194
MinimumVisualStudioVersion = 10.0.40219.1
Project("{8BC9CEB8-8B4A-11D0-8D11-00A0C91BC942}") = "Vitesse-Spatiale", "Vitesse-Spatiale.vcxproj", "{0291465F-0F0C-489B-BC28-6228A03789E8}"
EndProject
Global
	GlobalSection(SolutionConfigurationPlatforms) = preSolution
		Debug|x64 = Debug|x64
		Debug|x86 = Debug|x86
		Release|x64 = Release|x64
		Release|x86 = Release|x86
	EndGlobalSection
	GlobalSection(ProjectConfigurationPlatforms) = postSolution
		{0291465F-0F0C-489B-BC28-6228A03789E8}.Debug|x64.ActiveCfg = Debug|x64
		{0291465F-0F0C-489B-BC28-6228A03789E8}.Debug|x64.Build.0 = Debug|x64
		{0291465F-0F0C-489B-BC28-6228A03789E8}.Debug|x86.ActiveCfg = Debug|Win32
		{0291465F-0F0C-489B-BC28-6228A03789E8}.Debug|x86.Build.0 = Debug|Win32
		{0291465F-0F0C-489B-BC28-6228A03789E8}.Release|x64.ActiveCfg = Release|x64
		{0291465F-0F0C-489B-BC28-6228A03789E8}.Release|x64.Build.0 = Release|x64
		{0291465F-0F0C-489B-BC28-6228A03789E8}.Release|x86.ActiveCfg = Release|Win32
		{0291465F-0F0C-489B-BC28-6228A03789E8}.Release|x86.Build.0 = Release|Win32
	EndGlobalSection
	GlobalSection(SolutionProperties) = preSolution
		HideSolutionNode = FALSE
	EndGlobalSection
	GlobalSection(ExtensibilityGlobals) = postSolution
		SolutionGuid = {2EB4D308-B6C9-4590-BE6E-A17D20692C0B}
	EndGlobalSection
EndGlobal
