<?xml version="1.0" encoding="utf-8"?>
<Project ToolsVersion="4.0" xmlns="http://schemas.microsoft.com/developer/msbuild/2003">
  <ItemGroup>
    <Filter Include="Source Files">
      <UniqueIdentifier>{4FC737F1-C7A5-4376-A066-2A32D752A2FF}</UniqueIdentifier>
      <Extensions>cpp;c;cc;cxx;c++;cppm;ixx;def;odl;idl;hpj;bat;asm;asmx</Extensions>
    </Filter>
    <Filter Include="Header Files">
      <UniqueIdentifier>{93995380-89BD-4b04-88EB-625FBE52EBFB}</UniqueIdentifier>
      <Extensions>h;hh;hpp;hxx;h++;hm;inl;inc;ipp;xsd</Extensions>
    </Filter>
    <Filter Include="Resource Files">
      <UniqueIdentifier>{67DA6AB6-F800-4c08-8B7A-83BB121AAD01}</UniqueIdentifier>
      <Extensions>rc;ico;cur;bmp;dlg;rc2;rct;bin;rgs;gif;jpg;jpeg;jpe;resx;tiff;tif;png;wav;mfcribbon-ms</Extensions>
    </Filter>
    <Filter Include="Header Files\Structures">
      <UniqueIdentifier>{fe41877a-a6ef-444e-a552-fd5153c0a6ec}</UniqueIdentifier>
    </Filter>
    <Filter Include="Header Files\Éléments">
      <UniqueIdentifier>{56f3dbb8-9564-471a-a9ea-7655f640f6a8}</UniqueIdentifier>
    </Filter>
    <Filter Include="Source Files\Éléments">
      <UniqueIdentifier>{f8cc6909-c004-41e2-bb06-c691eea17355}</UniqueIdentifier>
    </Filter>
    <Filter Include="Source Files\Structures">
      <UniqueIdentifier>{a30d7d83-b6d2-42f6-b729-3926f39923b3}</UniqueIdentifier>
    </Filter>
  </ItemGroup>
  <ItemGroup>
    <ClCompile Include="main.cpp">
      <Filter>Source Files</Filter>
    </ClCompile>
    <ClCompile Include="jeu.cpp">
      <Filter>Source Files</Filter>
    </ClCompile>
    <ClCompile Include="noeud.cpp">
      <Filter>Source Files\Structures</Filter>
    </ClCompile>
    <ClCompile Include="graphe.cpp">
      <Filter>Source Files\Structures</Filter>
    </ClCompile>
    <ClCompile Include="planete.cpp">
      <Filter>Source Files\Éléments</Filter>
    </ClCompile>
    <ClCompile Include="vaisseau.cpp">
      <Filter>Source Files\Éléments</Filter>
    </ClCompile>
    <ClCompile Include="route.cpp">
      <Filter>Source Files\Structures</Filter>
    </ClCompile>
  </ItemGroup>
  <ItemGroup>
    <ClInclude Include="jeu.h">
      <Filter>Header Files</Filter>
    </ClInclude>
    <ClInclude Include="graphe.h">
      <Filter>Header Files\Structures</Filter>
    </ClInclude>
    <ClInclude Include="noeud.h">
      <Filter>Header Files\Structures</Filter>
    </ClInclude>
    <ClInclude Include="planete.h">
      <Filter>Header Files\Éléments</Filter>
    </ClInclude>
    <ClInclude Include="vaisseau.h">
      <Filter>Header Files\Éléments</Filter>
    </ClInclude>
    <ClInclude Include="route.h">
      <Filter>Header Files\Structures</Filter>
    </ClInclude>
  </ItemGroup>
</Project>